
Microsoft Visual Studio Solution File, Format Version 12.00
# Visual Studio Version 16
VisualStudioVersion = 16.0.30011.22
MinimumVisualStudioVersion = 10.0.40219.1
Project("{FAE04EC0-301F-11D3-BF4B-00C04F79EFBC}") = "App2_TipoPaginaXf.UWP", "App2_TipoPaginaXf\App2_TipoPaginaXf.UWP\App2_TipoPaginaXf.UWP.csproj", "{D1E83954-3314-4C44-AE69-8147E6C3BED0}"
EndProject
Project("{FAE04EC0-301F-11D3-BF4B-00C04F79EFBC}") = "App2_TipoPaginaXf.Android", "App2_TipoPaginaXf\App2_TipoPaginaXf.Android\App2_TipoPaginaXf.Android.csproj", "{0A55E949-2A86-4E9E-BA0B-E0B4BDD9C662}"
EndProject
Project("{FAE04EC0-301F-11D3-BF4B-00C04F79EFBC}") = "App2_TipoPaginaXf.iOS", "App2_TipoPaginaXf\App2_TipoPaginaXf.iOS\App2_TipoPaginaXf.iOS.csproj", "{E990E4C3-B4C5-4E48-98E4-6532DDF609BF}"
EndProject
Project("{FAE04EC0-301F-11D3-BF4B-00C04F79EFBC}") = "App2_TipoPaginaXf", "App2_TipoPaginaXf\App2_TipoPaginaXf\App2_TipoPaginaXf.csproj", "{23013B5C-8C00-4B30-9023-EA2297D7A5A5}"
EndProject
Global
	GlobalSection(SolutionConfigurationPlatforms) = preSolution
		Debug|Any CPU = Debug|Any CPU
		Debug|ARM = Debug|ARM
		Debug|iPhone = Debug|iPhone
		Debug|iPhoneSimulator = Debug|iPhoneSimulator
		Debug|x64 = Debug|x64
		Debug|x86 = Debug|x86
		Release|Any CPU = Release|Any CPU
		Release|ARM = Release|ARM
		Release|iPhone = Release|iPhone
		Release|iPhoneSimulator = Release|iPhoneSimulator
		Release|x64 = Release|x64
		Release|x86 = Release|x86
	EndGlobalSection
	GlobalSection(ProjectConfigurationPlatforms) = postSolution
		{D1E83954-3314-4C44-AE69-8147E6C3BED0}.Debug|Any CPU.ActiveCfg = Debug|x86
		{D1E83954-3314-4C44-AE69-8147E6C3BED0}.Debug|Any CPU.Build.0 = Debug|x86
		{D1E83954-3314-4C44-AE69-8147E6C3BED0}.Debug|Any CPU.Deploy.0 = Debug|x86
		{D1E83954-3314-4C44-AE69-8147E6C3BED0}.Debug|ARM.ActiveCfg = Debug|ARM
		{D1E83954-3314-4C44-AE69-8147E6C3BED0}.Debug|ARM.Build.0 = Debug|ARM
		{D1E83954-3314-4C44-AE69-8147E6C3BED0}.Debug|ARM.Deploy.0 = Debug|ARM
		{D1E83954-3314-4C44-AE69-8147E6C3BED0}.Debug|iPhone.ActiveCfg = Debug|x86
		{D1E83954-3314-4C44-AE69-8147E6C3BED0}.Debug|iPhone.Build.0 = Debug|x86
		{D1E83954-3314-4C44-AE69-8147E6C3BED0}.Debug|iPhone.Deploy.0 = Debug|x86
		{D1E83954-3314-4C44-AE69-8147E6C3BED0}.Debug|iPhoneSimulator.ActiveCfg = Debug|x86
		{D1E83954-3314-4C44-AE69-8147E6C3BED0}.Debug|iPhoneSimulator.Build.0 = Debug|x86
		{D1E83954-3314-4C44-AE69-8147E6C3BED0}.Debug|iPhoneSimulator.Deploy.0 = Debug|x86
		{D1E83954-3314-4C44-AE69-8147E6C3BED0}.Debug|x64.ActiveCfg = Debug|x64
		{D1E83954-3314-4C44-AE69-8147E6C3BED0}.Debug|x64.Build.0 = Debug|x64
		{D1E83954-3314-4C44-AE69-8147E6C3BED0}.Debug|x64.Deploy.0 = Debug|x64
		{D1E83954-3314-4C44-AE69-8147E6C3BED0}.Debug|x86.ActiveCfg = Debug|x86
		{D1E83954-3314-4C44-AE69-8147E6C3BED0}.Debug|x86.Build.0 = Debug|x86
		{D1E83954-3314-4C44-AE69-8147E6C3BED0}.Debug|x86.Deploy.0 = Debug|x86
		{D1E83954-3314-4C44-AE69-8147E6C3BED0}.Release|Any CPU.ActiveCfg = Release|x86
		{D1E83954-3314-4C44-AE69-8147E6C3BED0}.Release|Any CPU.Build.0 = Release|x86
		{D1E83954-3314-4C44-AE69-8147E6C3BED0}.Release|Any CPU.Deploy.0 = Release|x86
		{D1E83954-3314-4C44-AE69-8147E6C3BED0}.Release|ARM.ActiveCfg = Release|ARM
		{D1E83954-3314-4C44-AE69-8147E6C3BED0}.Release|ARM.Build.0 = Release|ARM
		{D1E83954-3314-4C44-AE69-8147E6C3BED0}.Release|ARM.Deploy.0 = Release|ARM
		{D1E83954-3314-4C44-AE69-8147E6C3BED0}.Release|iPhone.ActiveCfg = Release|x86
		{D1E83954-3314-4C44-AE69-8147E6C3BED0}.Release|iPhone.Build.0 = Release|x86
		{D1E83954-3314-4C44-AE69-8147E6C3BED0}.Release|iPhone.Deploy.0 = Release|x86
		{D1E83954-3314-4C44-AE69-8147E6C3BED0}.Release|iPhoneSimulator.ActiveCfg = Release|x86
		{D1E83954-3314-4C44-AE69-8147E6C3BED0}.Release|iPhoneSimulator.Build.0 = Release|x86
		{D1E83954-3314-4C44-AE69-8147E6C3BED0}.Release|iPhoneSimulator.Deploy.0 = Release|x86
		{D1E83954-3314-4C44-AE69-8147E6C3BED0}.Release|x64.ActiveCfg = Release|x64
		{D1E83954-3314-4C44-AE69-8147E6C3BED0}.Release|x64.Build.0 = Release|x64
		{D1E83954-3314-4C44-AE69-8147E6C3BED0}.Release|x64.Deploy.0 = Release|x64
		{D1E83954-3314-4C44-AE69-8147E6C3BED0}.Release|x86.ActiveCfg = Release|x86
		{D1E83954-3314-4C44-AE69-8147E6C3BED0}.Release|x86.Build.0 = Release|x86
		{D1E83954-3314-4C44-AE69-8147E6C3BED0}.Release|x86.Deploy.0 = Release|x86
		{0A55E949-2A86-4E9E-BA0B-E0B4BDD9C662}.Debug|Any CPU.ActiveCfg = Debug|Any CPU
		{0A55E949-2A86-4E9E-BA0B-E0B4BDD9C662}.Debug|Any CPU.Build.0 = Debug|Any CPU
		{0A55E949-2A86-4E9E-BA0B-E0B4BDD9C662}.Debug|Any CPU.Deploy.0 = Debug|Any CPU
		{0A55E949-2A86-4E9E-BA0B-E0B4BDD9C662}.Debug|ARM.ActiveCfg = Debug|Any CPU
		{0A55E949-2A86-4E9E-BA0B-E0B4BDD9C662}.Debug|ARM.Build.0 = Debug|Any CPU
		{0A55E949-2A86-4E9E-BA0B-E0B4BDD9C662}.Debug|ARM.Deploy.0 = Debug|Any CPU
		{0A55E949-2A86-4E9E-BA0B-E0B4BDD9C662}.Debug|iPhone.ActiveCfg = Debug|Any CPU
		{0A55E949-2A86-4E9E-BA0B-E0B4BDD9C662}.Debug|iPhone.Build.0 = Debug|Any CPU
		{0A55E949-2A86-4E9E-BA0B-E0B4BDD9C662}.Debug|iPhone.Deploy.0 = Debug|Any CPU
		{0A55E949-2A86-4E9E-BA0B-E0B4BDD9C662}.Debug|iPhoneSimulator.ActiveCfg = Debug|Any CPU
		{0A55E949-2A86-4E9E-BA0B-E0B4BDD9C662}.Debug|iPhoneSimulator.Build.0 = Debug|Any CPU
		{0A55E949-2A86-4E9E-BA0B-E0B4BDD9C662}.Debug|iPhoneSimulator.Deploy.0 = Debug|Any CPU
		{0A55E949-2A86-4E9E-BA0B-E0B4BDD9C662}.Debug|x64.ActiveCfg = Debug|Any CPU
		{0A55E949-2A86-4E9E-BA0B-E0B4BDD9C662}.Debug|x64.Build.0 = Debug|Any CPU
		{0A55E949-2A86-4E9E-BA0B-E0B4BDD9C662}.Debug|x64.Deploy.0 = Debug|Any CPU
		{0A55E949-2A86-4E9E-BA0B-E0B4BDD9C662}.Debug|x86.ActiveCfg = Debug|Any CPU
		{0A55E949-2A86-4E9E-BA0B-E0B4BDD9C662}.Debug|x86.Build.0 = Debug|Any CPU
		{0A55E949-2A86-4E9E-BA0B-E0B4BDD9C662}.Debug|x86.Deploy.0 = Debug|Any CPU
		{0A55E949-2A86-4E9E-BA0B-E0B4BDD9C662}.Release|Any CPU.ActiveCfg = Release|Any CPU
		{0A55E949-2A86-4E9E-BA0B-E0B4BDD9C662}.Release|Any CPU.Build.0 = Release|Any CPU
		{0A55E949-2A86-4E9E-BA0B-E0B4BDD9C662}.Release|Any CPU.Deploy.0 = Release|Any CPU
		{0A55E949-2A86-4E9E-BA0B-E0B4BDD9C662}.Release|ARM.ActiveCfg = Release|Any CPU
		{0A55E949-2A86-4E9E-BA0B-E0B4BDD9C662}.Release|ARM.Build.0 = Release|Any CPU
		{0A55E949-2A86-4E9E-BA0B-E0B4BDD9C662}.Release|ARM.Deploy.0 = Release|Any CPU
		{0A55E949-2A86-4E9E-BA0B-E0B4BDD9C662}.Release|iPhone.ActiveCfg = Release|Any CPU
		{0A55E949-2A86-4E9E-BA0B-E0B4BDD9C662}.Release|iPhone.Build.0 = Release|Any CPU
		{0A55E949-2A86-4E9E-BA0B-E0B4BDD9C662}.Release|iPhone.Deploy.0 = Release|Any CPU
		{0A55E949-2A86-4E9E-BA0B-E0B4BDD9C662}.Release|iPhoneSimulator.ActiveCfg = Release|Any CPU
		{0A55E949-2A86-4E9E-BA0B-E0B4BDD9C662}.Release|iPhoneSimulator.Build.0 = Release|Any CPU
		{0A55E949-2A86-4E9E-BA0B-E0B4BDD9C662}.Release|iPhoneSimulator.Deploy.0 = Release|Any CPU
		{0A55E949-2A86-4E9E-BA0B-E0B4BDD9C662}.Release|x64.ActiveCfg = Release|Any CPU
		{0A55E949-2A86-4E9E-BA0B-E0B4BDD9C662}.Release|x64.Build.0 = Release|Any CPU
		{0A55E949-2A86-4E9E-BA0B-E0B4BDD9C662}.Release|x64.Deploy.0 = Release|Any CPU
		{0A55E949-2A86-4E9E-BA0B-E0B4BDD9C662}.Release|x86.ActiveCfg = Release|Any CPU
		{0A55E949-2A86-4E9E-BA0B-E0B4BDD9C662}.Release|x86.Build.0 = Release|Any CPU
		{0A55E949-2A86-4E9E-BA0B-E0B4BDD9C662}.Release|x86.Deploy.0 = Release|Any CPU
		{E990E4C3-B4C5-4E48-98E4-6532DDF609BF}.Debug|Any CPU.ActiveCfg = Debug|iPhone
		{E990E4C3-B4C5-4E48-98E4-6532DDF609BF}.Debug|Any CPU.Build.0 = Debug|iPhone
		{E990E4C3-B4C5-4E48-98E4-6532DDF609BF}.Debug|Any CPU.Deploy.0 = Debug|iPhone
		{E990E4C3-B4C5-4E48-98E4-6532DDF609BF}.Debug|ARM.ActiveCfg = Debug|iPhone
		{E990E4C3-B4C5-4E48-98E4-6532DDF609BF}.Debug|ARM.Build.0 = Debug|iPhone
		{E990E4C3-B4C5-4E48-98E4-6532DDF609BF}.Debug|ARM.Deploy.0 = Debug|iPhone
		{E990E4C3-B4C5-4E48-98E4-6532DDF609BF}.Debug|iPhone.ActiveCfg = Debug|iPhone
		{E990E4C3-B4C5-4E48-98E4-6532DDF609BF}.Debug|iPhone.Build.0 = Debug|iPhone
		{E990E4C3-B4C5-4E48-98E4-6532DDF609BF}.Debug|iPhone.Deploy.0 = Debug|iPhone
		{E990E4C3-B4C5-4E48-98E4-6532DDF609BF}.Debug|iPhoneSimulator.ActiveCfg = Debug|iPhoneSimulator
		{E990E4C3-B4C5-4E48-98E4-6532DDF609BF}.Debug|iPhoneSimulator.Build.0 = Debug|iPhoneSimulator
		{E990E4C3-B4C5-4E48-98E4-6532DDF609BF}.Debug|iPhoneSimulator.Deploy.0 = Debug|iPhoneSimulator
		{E990E4C3-B4C5-4E48-98E4-6532DDF609BF}.Debug|x64.ActiveCfg = Debug|iPhone
		{E990E4C3-B4C5-4E48-98E4-6532DDF609BF}.Debug|x64.Build.0 = Debug|iPhone
		{E990E4C3-B4C5-4E48-98E4-6532DDF609BF}.Debug|x64.Deploy.0 = Debug|iPhone
		{E990E4C3-B4C5-4E48-98E4-6532DDF609BF}.Debug|x86.ActiveCfg = Debug|iPhone
		{E990E4C3-B4C5-4E48-98E4-6532DDF609BF}.Debug|x86.Build.0 = Debug|iPhone
		{E990E4C3-B4C5-4E48-98E4-6532DDF609BF}.Debug|x86.Deploy.0 = Debug|iPhone
		{E990E4C3-B4C5-4E48-98E4-6532DDF609BF}.Release|Any CPU.ActiveCfg = Release|iPhone
		{E990E4C3-B4C5-4E48-98E4-6532DDF609BF}.Release|Any CPU.Build.0 = Release|iPhone
		{E990E4C3-B4C5-4E48-98E4-6532DDF609BF}.Release|Any CPU.Deploy.0 = Release|iPhone
		{E990E4C3-B4C5-4E48-98E4-6532DDF609BF}.Release|ARM.ActiveCfg = Release|iPhone
		{E990E4C3-B4C5-4E48-98E4-6532DDF609BF}.Release|ARM.Build.0 = Release|iPhone
		{E990E4C3-B4C5-4E48-98E4-6532DDF609BF}.Release|ARM.Deploy.0 = Release|iPhone
		{E990E4C3-B4C5-4E48-98E4-6532DDF609BF}.Release|iPhone.ActiveCfg = Release|iPhone
		{E990E4C3-B4C5-4E48-98E4-6532DDF609BF}.Release|iPhone.Build.0 = Release|iPhone
		{E990E4C3-B4C5-4E48-98E4-6532DDF609BF}.Release|iPhone.Deploy.0 = Release|iPhone
		{E990E4C3-B4C5-4E48-98E4-6532DDF609BF}.Release|iPhoneSimulator.ActiveCfg = Release|iPhoneSimulator
		{E990E4C3-B4C5-4E48-98E4-6532DDF609BF}.Release|iPhoneSimulator.Build.0 = Release|iPhoneSimulator
		{E990E4C3-B4C5-4E48-98E4-6532DDF609BF}.Release|iPhoneSimulator.Deploy.0 = Release|iPhoneSimulator
		{E990E4C3-B4C5-4E48-98E4-6532DDF609BF}.Release|x64.ActiveCfg = Release|iPhone
		{E990E4C3-B4C5-4E48-98E4-6532DDF609BF}.Release|x64.Build.0 = Release|iPhone
		{E990E4C3-B4C5-4E48-98E4-6532DDF609BF}.Release|x64.Deploy.0 = Release|iPhone
		{E990E4C3-B4C5-4E48-98E4-6532DDF609BF}.Release|x86.ActiveCfg = Release|iPhone
		{E990E4C3-B4C5-4E48-98E4-6532DDF609BF}.Release|x86.Build.0 = Release|iPhone
		{E990E4C3-B4C5-4E48-98E4-6532DDF609BF}.Release|x86.Deploy.0 = Release|iPhone
		{23013B5C-8C00-4B30-9023-EA2297D7A5A5}.Debug|Any CPU.ActiveCfg = Debug|Any CPU
		{23013B5C-8C00-4B30-9023-EA2297D7A5A5}.Debug|Any CPU.Build.0 = Debug|Any CPU
		{23013B5C-8C00-4B30-9023-EA2297D7A5A5}.Debug|Any CPU.Deploy.0 = Debug|Any CPU
		{23013B5C-8C00-4B30-9023-EA2297D7A5A5}.Debug|ARM.ActiveCfg = Debug|Any CPU
		{23013B5C-8C00-4B30-9023-EA2297D7A5A5}.Debug|ARM.Build.0 = Debug|Any CPU
		{23013B5C-8C00-4B30-9023-EA2297D7A5A5}.Debug|ARM.Deploy.0 = Debug|Any CPU
		{23013B5C-8C00-4B30-9023-EA2297D7A5A5}.Debug|iPhone.ActiveCfg = Debug|Any CPU
		{23013B5C-8C00-4B30-9023-EA2297D7A5A5}.Debug|iPhone.Build.0 = Debug|Any CPU
		{23013B5C-8C00-4B30-9023-EA2297D7A5A5}.Debug|iPhone.Deploy.0 = Debug|Any CPU
		{23013B5C-8C00-4B30-9023-EA2297D7A5A5}.Debug|iPhoneSimulator.ActiveCfg = Debug|Any CPU
		{23013B5C-8C00-4B30-9023-EA2297D7A5A5}.Debug|iPhoneSimulator.Build.0 = Debug|Any CPU
		{23013B5C-8C00-4B30-9023-EA2297D7A5A5}.Debug|iPhoneSimulator.Deploy.0 = Debug|Any CPU
		{23013B5C-8C00-4B30-9023-EA2297D7A5A5}.Debug|x64.ActiveCfg = Debug|Any CPU
		{23013B5C-8C00-4B30-9023-EA2297D7A5A5}.Debug|x64.Build.0 = Debug|Any CPU
		{23013B5C-8C00-4B30-9023-EA2297D7A5A5}.Debug|x64.Deploy.0 = Debug|Any CPU
		{23013B5C-8C00-4B30-9023-EA2297D7A5A5}.Debug|x86.ActiveCfg = Debug|Any CPU
		{23013B5C-8C00-4B30-9023-EA2297D7A5A5}.Debug|x86.Build.0 = Debug|Any CPU
		{23013B5C-8C00-4B30-9023-EA2297D7A5A5}.Debug|x86.Deploy.0 = Debug|Any CPU
		{23013B5C-8C00-4B30-9023-EA2297D7A5A5}.Release|Any CPU.ActiveCfg = Release|Any CPU
		{23013B5C-8C00-4B30-9023-EA2297D7A5A5}.Release|Any CPU.Build.0 = Release|Any CPU
		{23013B5C-8C00-4B30-9023-EA2297D7A5A5}.Release|Any CPU.Deploy.0 = Release|Any CPU
		{23013B5C-8C00-4B30-9023-EA2297D7A5A5}.Release|ARM.ActiveCfg = Release|Any CPU
		{23013B5C-8C00-4B30-9023-EA2297D7A5A5}.Release|ARM.Build.0 = Release|Any CPU
		{23013B5C-8C00-4B30-9023-EA2297D7A5A5}.Release|ARM.Deploy.0 = Release|Any CPU
		{23013B5C-8C00-4B30-9023-EA2297D7A5A5}.Release|iPhone.ActiveCfg = Release|Any CPU
		{23013B5C-8C00-4B30-9023-EA2297D7A5A5}.Release|iPhone.Build.0 = Release|Any CPU
		{23013B5C-8C00-4B30-9023-EA2297D7A5A5}.Release|iPhone.Deploy.0 = Release|Any CPU
		{23013B5C-8C00-4B30-9023-EA2297D7A5A5}.Release|iPhoneSimulator.ActiveCfg = Release|Any CPU
		{23013B5C-8C00-4B30-9023-EA2297D7A5A5}.Release|iPhoneSimulator.Build.0 = Release|Any CPU
		{23013B5C-8C00-4B30-9023-EA2297D7A5A5}.Release|iPhoneSimulator.Deploy.0 = Release|Any CPU
		{23013B5C-8C00-4B30-9023-EA2297D7A5A5}.Release|x64.ActiveCfg = Release|Any CPU
		{23013B5C-8C00-4B30-9023-EA2297D7A5A5}.Release|x64.Build.0 = Release|Any CPU
		{23013B5C-8C00-4B30-9023-EA2297D7A5A5}.Release|x64.Deploy.0 = Release|Any CPU
		{23013B5C-8C00-4B30-9023-EA2297D7A5A5}.Release|x86.ActiveCfg = Release|Any CPU
		{23013B5C-8C00-4B30-9023-EA2297D7A5A5}.Release|x86.Build.0 = Release|Any CPU
		{23013B5C-8C00-4B30-9023-EA2297D7A5A5}.Release|x86.Deploy.0 = Release|Any CPU
	EndGlobalSection
	GlobalSection(SolutionProperties) = preSolution
		HideSolutionNode = FALSE
	EndGlobalSection
	GlobalSection(ExtensibilityGlobals) = postSolution
		SolutionGuid = {2350D82C-6D32-4647-A220-9E6FD0CDBC83}
	EndGlobalSection
EndGlobal
